# THIS IS AN AUTOGENERATED FILE. DO NOT EDIT THIS FILE DIRECTLY.
# yarn lockfile v1


"@babel/runtime@^7.21.0", "@babel/runtime@^7.5.5", "@babel/runtime@^7.8.7":
  version "7.21.0"
  resolved "https://nexus.cca.io/repository/npm-group/@babel/runtime/-/runtime-7.21.0.tgz#5b55c9d394e5fcf304909a8b00c07dc217b56673"
  integrity sha512-xwII0//EObnq89Ji5AKYQaRYiW/nZ3llSv29d49IuxPhKbtJoLP+9QUUZ4nVragQVtaVGeZrpB+ZtG/Pdy/POw==
  dependencies:
    regenerator-runtime "^0.13.11"

"@emotion/cache@^11.10.7":
  version "11.10.8"
  resolved "https://nexus.cca.io/repository/npm-group/@emotion/cache/-/cache-11.10.8.tgz#3b39b4761bea0ae2f4f07f0a425eec8b6977c03e"
  integrity sha512-5fyqGHi51LU95o7qQ/vD1jyvC4uCY5GcBT+UgP4LHdpO9jPDlXqhrRr9/wCKmfoAvh5G/F7aOh4MwQa+8uEqhA==
  dependencies:
    "@emotion/memoize" "^0.8.0"
    "@emotion/sheet" "^1.2.1"
    "@emotion/utils" "^1.2.0"
    "@emotion/weak-memoize" "^0.3.0"
    stylis "4.1.4"

"@emotion/is-prop-valid@^1.2.0":
  version "1.2.0"
  resolved "https://nexus.cca.io/repository/npm-group/@emotion/is-prop-valid/-/is-prop-valid-1.2.0.tgz#7f2d35c97891669f7e276eb71c83376a5dc44c83"
  integrity sha512-3aDpDprjM0AwaxGE09bOPkNxHpBd+kA6jty3RnaEXdweX1DF1U3VQpPYb0g1IStAuK7SVQ1cy+bNBBKp4W3Fjg==
  dependencies:
    "@emotion/memoize" "^0.8.0"

"@emotion/memoize@^0.8.0":
  version "0.8.0"
  resolved "https://nexus.cca.io/repository/npm-group/@emotion/memoize/-/memoize-0.8.0.tgz#f580f9beb67176fa57aae70b08ed510e1b18980f"
  integrity sha512-G/YwXTkv7Den9mXDO7AhLWkE3q+I92B+VqAE+dYG4NGPaHZGvt3G8Q0p9vmE+sq7rTGphUbAvmQ9YpbfMQGGlA==

"@emotion/sheet@^1.2.1":
  version "1.2.1"
  resolved "https://nexus.cca.io/repository/npm-group/@emotion/sheet/-/sheet-1.2.1.tgz#0767e0305230e894897cadb6c8df2c51e61a6c2c"
  integrity sha512-zxRBwl93sHMsOj4zs+OslQKg/uhF38MB+OMKoCrVuS0nyTkqnau+BM3WGEoOptg9Oz45T/aIGs1qbVAsEFo3nA==

"@emotion/utils@^1.2.0":
  version "1.2.0"
  resolved "https://nexus.cca.io/repository/npm-group/@emotion/utils/-/utils-1.2.0.tgz#9716eaccbc6b5ded2ea5a90d65562609aab0f561"
  integrity sha512-sn3WH53Kzpw8oQ5mgMmIzzyAaH2ZqFEbozVVBSYp538E06OSE6ytOp7pRAjNQR+Q/orwqdQYJSe2m3hCOeznkw==

"@emotion/weak-memoize@^0.3.0":
  version "0.3.0"
  resolved "https://nexus.cca.io/repository/npm-group/@emotion/weak-memoize/-/weak-memoize-0.3.0.tgz#ea89004119dc42db2e1dba0f97d553f7372f6fcb"
  integrity sha512-AHPmaAx+RYfZz0eYu6Gviiagpmiyw98ySSlQvCUhVGDRtDFe4DBS0x1bSjdF3gqUDYOczB+yYvBTtEylYSdRhg==

"@mui/base@5.0.0-alpha.127":
  version "5.0.0-alpha.127"
  resolved "https://nexus.cca.io/repository/npm-group/@mui/base/-/base-5.0.0-alpha.127.tgz#bc61eaf1fd31094c939b6521cfea21643207c3b4"
  integrity sha512-FoRQd0IOH9MnfyL5yXssyQRnC4vXI+1bwkU1idr+wNkP1ZfxE+JsThHcfl1dy5azLssVUGTtQFD9edQLdbyJog==
  dependencies:
    "@babel/runtime" "^7.21.0"
    "@emotion/is-prop-valid" "^1.2.0"
    "@mui/types" "^7.2.4"
    "@mui/utils" "^5.12.0"
    "@popperjs/core" "^2.11.7"
    clsx "^1.2.1"
    prop-types "^15.8.1"
    react-is "^18.2.0"

"@mui/core-downloads-tracker@^5.12.2":
  version "5.12.2"
  resolved "https://nexus.cca.io/repository/npm-group/@mui/core-downloads-tracker/-/core-downloads-tracker-5.12.2.tgz#4a0186d25b01d693171366e1c00de0e7c8c35f6a"
  integrity sha512-Qn7dy8tql6T0hY6gTFPkpWlnqVVFGu5Z6QzEzUSzzmLZpfAx4kf8sFz0PHiB7gU5yrqcZF9picMx1shpRY/rXw==

"@mui/material@5.12.2":
  version "5.12.2"
  resolved "https://nexus.cca.io/repository/npm-group/@mui/material/-/material-5.12.2.tgz#c3fcc94e523d9e673e2e045dfad04d12ab454a80"
  integrity sha512-XOVy6fVC0rI2dEwDq/1s4Te2hewTUe6lznzeVnruyATGkdmM06WnHqkZOoLVIWo9hWwAxpcgTDcAIVpFtt1nrw==
  dependencies:
    "@babel/runtime" "^7.21.0"
    "@mui/base" "5.0.0-alpha.127"
    "@mui/core-downloads-tracker" "^5.12.2"
    "@mui/system" "^5.12.1"
    "@mui/types" "^7.2.4"
    "@mui/utils" "^5.12.0"
    "@types/react-transition-group" "^4.4.5"
    clsx "^1.2.1"
    csstype "^3.1.2"
    prop-types "^15.8.1"
    react-is "^18.2.0"
    react-transition-group "^4.4.5"

"@mui/private-theming@^5.12.0":
  version "5.12.0"
  resolved "https://nexus.cca.io/repository/npm-group/@mui/private-theming/-/private-theming-5.12.0.tgz#5f1e6fd09b1447c387fdac1eef7f23efca5c6d69"
  integrity sha512-w5dwMen1CUm1puAtubqxY9BIzrBxbOThsg2iWMvRJmWyJAPdf3Z583fPXpqeA2lhTW79uH2jajk5Ka4FuGlTPg==
  dependencies:
    "@babel/runtime" "^7.21.0"
    "@mui/utils" "^5.12.0"
    prop-types "^15.8.1"

"@mui/styled-engine@^5.12.0":
  version "5.12.0"
  resolved "https://nexus.cca.io/repository/npm-group/@mui/styled-engine/-/styled-engine-5.12.0.tgz#44640cad961adcc9413ae32116237cd1c8f7ddb0"
  integrity sha512-frh8L7CRnvD0RDmIqEv6jFeKQUIXqW90BaZ6OrxJ2j4kIsiVLu29Gss4SbBvvrWwwatR72sBmC3w1aG4fjp9mQ==
  dependencies:
    "@babel/runtime" "^7.21.0"
    "@emotion/cache" "^11.10.7"
    csstype "^3.1.2"
    prop-types "^15.8.1"

"@mui/system@^5.12.1":
  version "5.12.1"
  resolved "https://nexus.cca.io/repository/npm-group/@mui/system/-/system-5.12.1.tgz#8452bc03159f0a6725b96bde1dee1316e308231b"
  integrity sha512-Po+sicdV3bbRYXdU29XZaHPZrW7HUYUqU1qCu77GCCEMbahC756YpeyefdIYuPMUg0OdO3gKIUfDISBrkjJL+w==
  dependencies:
    "@babel/runtime" "^7.21.0"
    "@mui/private-theming" "^5.12.0"
    "@mui/styled-engine" "^5.12.0"
    "@mui/types" "^7.2.4"
    "@mui/utils" "^5.12.0"
    clsx "^1.2.1"
    csstype "^3.1.2"
    prop-types "^15.8.1"

"@mui/types@^7.2.4":
  version "7.2.4"
  resolved "https://nexus.cca.io/repository/npm-group/@mui/types/-/types-7.2.4.tgz#b6fade19323b754c5c6de679a38f068fd50b9328"
  integrity sha512-LBcwa8rN84bKF+f5sDyku42w1NTxaPgPyYKODsh01U1fVstTClbUoSA96oyRBnSNyEiAVjKm6Gwx9vjR+xyqHA==

"@mui/utils@^5.12.0":
  version "5.12.0"
  resolved "https://nexus.cca.io/repository/npm-group/@mui/utils/-/utils-5.12.0.tgz#284db48b36ac26f3d34076379072c1dc8aed1ad0"
  integrity sha512-RmQwgzF72p7Yr4+AAUO6j1v2uzt6wr7SWXn68KBsnfVpdOHyclCzH2lr/Xu6YOw9su4JRtdAIYfJFXsS6Cjkmw==
  dependencies:
    "@babel/runtime" "^7.21.0"
    "@types/prop-types" "^15.7.5"
    "@types/react-is" "^16.7.1 || ^17.0.0"
    prop-types "^15.8.1"
    react-is "^18.2.0"

"@popperjs/core@^2.11.7":
  version "2.11.7"
  resolved "https://nexus.cca.io/repository/npm-group/@popperjs/core/-/core-2.11.7.tgz#ccab5c8f7dc557a52ca3288c10075c9ccd37fff7"
  integrity sha512-Cr4OjIkipTtcXKjAsm8agyleBuDHvxzeBoa1v543lbv1YaIwQjESsVcmjiWiPEbC1FIeHOG/Op9kdCmAmiS3Kw==

"@rescript/react@^0.11.0":
  version "0.11.0"
  resolved "https://nexus.cca.io/repository/npm-group/@rescript/react/-/react-0.11.0.tgz#d2545546d823bdb8e6b59daa1790098d1666f79e"
  integrity sha512-RzoAO+3cJwXE2D7yodMo4tBO2EkeDYCN/I/Sj/yRweI3S1CY1ZBOF/GMcVtjeIurJJt7KMveqQXTaRrqoGZBBg==

"@types/prop-types@*", "@types/prop-types@^15.7.5":
  version "15.7.5"
  resolved "https://nexus.cca.io/repository/npm-group/@types/prop-types/-/prop-types-15.7.5.tgz#5f19d2b85a98e9558036f6a3cacc8819420f05cf"
  integrity sha512-JCB8C6SnDoQf0cNycqd/35A7MjcnK+ZTqE7judS6o7utxUCg6imJg3QK2qzHKszlTjcj2cn+NwMB2i96ubpj7w==

"@types/react-is@^16.7.1 || ^17.0.0":
  version "17.0.4"
  resolved "https://nexus.cca.io/repository/npm-group/@types/react-is/-/react-is-17.0.4.tgz#3cccd02851f7f7a75b21d6e922da26bc7f8f44ad"
  integrity sha512-FLzd0K9pnaEvKz4D1vYxK9JmgQPiGk1lu23o1kqGsLeT0iPbRSF7b76+S5T9fD8aRa0B8bY7I/3DebEj+1ysBA==
  dependencies:
    "@types/react" "^17"

"@types/react-transition-group@^4.4.5":
  version "4.4.5"
  resolved "https://nexus.cca.io/repository/npm-group/@types/react-transition-group/-/react-transition-group-4.4.5.tgz#aae20dcf773c5aa275d5b9f7cdbca638abc5e416"
  integrity sha512-juKD/eiSM3/xZYzjuzH6ZwpP+/lejltmiS3QEzV/vmb/Q8+HfDmxu+Baga8UEMGBqV88Nbg4l2hY/K2DkyaLLA==
  dependencies:
    "@types/react" "*"

"@types/react@*":
  version "18.2.0"
  resolved "https://nexus.cca.io/repository/npm-group/@types/react/-/react-18.2.0.tgz#15cda145354accfc09a18d2f2305f9fc099ada21"
  integrity sha512-0FLj93y5USLHdnhIhABk83rm8XEGA7kH3cr+YUlvxoUGp1xNt/DINUMvqPxLyOQMzLmZe8i4RTHbvb8MC7NmrA==
  dependencies:
    "@types/prop-types" "*"
    "@types/scheduler" "*"
    csstype "^3.0.2"

"@types/react@^17":
  version "17.0.58"
  resolved "https://nexus.cca.io/repository/npm-group/@types/react/-/react-17.0.58.tgz#c8bbc82114e5c29001548ebe8ed6c4ba4d3c9fb0"
  integrity sha512-c1GzVY97P0fGxwGxhYq989j4XwlcHQoto6wQISOC2v6wm3h0PORRWJFHlkRjfGsiG3y1609WdQ+J+tKxvrEd6A==
  dependencies:
    "@types/prop-types" "*"
    "@types/scheduler" "*"
    csstype "^3.0.2"

"@types/scheduler@*":
  version "0.16.3"
  resolved "https://nexus.cca.io/repository/npm-group/@types/scheduler/-/scheduler-0.16.3.tgz#cef09e3ec9af1d63d2a6cc5b383a737e24e6dcf5"
  integrity sha512-5cJ8CB4yAx7BH1oMvdU0Jh9lrEXyPkar6F9G/ERswkCuvP4KQZfZkSjcMbAICCpQTN4OuZn8tz0HiKv9TGZgrQ==

clsx@^1.2.1:
  version "1.2.1"
  resolved "https://nexus.cca.io/repository/npm-group/clsx/-/clsx-1.2.1.tgz#0ddc4a20a549b59c93a4116bb26f5294ca17dc12"
  integrity sha512-EcR6r5a8bj6pu3ycsa/E/cKVGuTgZJZdsyUYHOksG/UHIiKfjxzRxYJpyVBwYaQeOvghal9fcc4PidlgzugAQg==

csstype@^3.0.2, csstype@^3.1.2:
  version "3.1.2"
  resolved "https://nexus.cca.io/repository/npm-group/csstype/-/csstype-3.1.2.tgz#1d4bf9d572f11c14031f0436e1c10bc1f571f50b"
  integrity sha512-I7K1Uu0MBPzaFKg4nI5Q7Vs2t+3gWWW648spaF+Rg7pI9ds18Ugn+lvg4SHczUdKlHI5LWBXyqfS8+DufyBsgQ==

dom-helpers@^5.0.1:
  version "5.2.1"
  resolved "https://nexus.cca.io/repository/npm-group/dom-helpers/-/dom-helpers-5.2.1.tgz#d9400536b2bf8225ad98fe052e029451ac40e902"
  integrity sha512-nRCa7CK3VTrM2NmGkIy4cbK7IZlgBE/PYMn55rrXefr5xXDP0LdtfPnblFDoVdcAfslJ7or6iqAUnx0CCGIWQA==
  dependencies:
    "@babel/runtime" "^7.8.7"
    csstype "^3.0.2"

"js-tokens@^3.0.0 || ^4.0.0":
  version "4.0.0"
  resolved "https://nexus.cca.io/repository/npm-group/js-tokens/-/js-tokens-4.0.0.tgz#19203fb59991df98e3a287050d4647cdeaf32499"
  integrity sha512-RdJUflcE3cUzKiMqQgsCu06FPu9UdIJO0beYbPhHN4k6apgJtifcoCtT9bcxOpYBtpD2kCM6Sbzg4CausW/PKQ==

loose-envify@^1.1.0, loose-envify@^1.4.0:
  version "1.4.0"
  resolved "https://nexus.cca.io/repository/npm-group/loose-envify/-/loose-envify-1.4.0.tgz#71ee51fa7be4caec1a63839f7e682d8132d30caf"
  integrity sha512-lyuxPGr/Wfhrlem2CL/UcnUc1zcqKAImBDzukY7Y5F/yQiNdko6+fRLevlw1HgMySw7f611UIY408EtxRSoK3Q==
  dependencies:
    js-tokens "^3.0.0 || ^4.0.0"

object-assign@^4.1.1:
  version "4.1.1"
  resolved "https://nexus.cca.io/repository/npm-group/object-assign/-/object-assign-4.1.1.tgz#2109adc7965887cfc05cbbd442cac8bfbb360863"
  integrity sha512-rJgTQnkUnH1sFw8yT6VSU3zD3sWmu6sZhIseY8VX+GRu3P6F7Fu+JNDoXfklElbLJSnc3FUQHVe4cU5hj+BcUg==

prop-types@^15.6.2, prop-types@^15.8.1:
  version "15.8.1"
  resolved "https://nexus.cca.io/repository/npm-group/prop-types/-/prop-types-15.8.1.tgz#67d87bf1a694f48435cf332c24af10214a3140b5"
  integrity sha512-oj87CgZICdulUohogVAR7AjlC0327U4el4L6eAvOqCeudMDVU0NThNaV+b9Df4dXgSP1gXMTnPdhfe/2qDH5cg==
  dependencies:
    loose-envify "^1.4.0"
    object-assign "^4.1.1"
    react-is "^16.13.1"

react-dom@18.2.0:
  version "18.2.0"
  resolved "https://nexus.cca.io/repository/npm-group/react-dom/-/react-dom-18.2.0.tgz#22aaf38708db2674ed9ada224ca4aa708d821e3d"
  integrity sha512-6IMTriUmvsjHUjNtEDudZfuDQUoWXVxKHhlEGSk81n4YFS+r/Kl99wXiwlVXtPBtJenozv2P+hxDsw9eA7Xo6g==
  dependencies:
    loose-envify "^1.1.0"
    scheduler "^0.23.0"

react-is@^16.13.1:
  version "16.13.1"
  resolved "https://nexus.cca.io/repository/npm-group/react-is/-/react-is-16.13.1.tgz#789729a4dc36de2999dc156dd6c1d9c18cea56a4"
  integrity sha512-24e6ynE2H+OKt4kqsOvNd8kBpV65zoxbA4BVsEOB3ARVWQki/DHzaUoC5KuON/BiccDaCCTZBuOcfZs70kR8bQ==

react-is@^18.2.0:
  version "18.2.0"
  resolved "https://nexus.cca.io/repository/npm-group/react-is/-/react-is-18.2.0.tgz#199431eeaaa2e09f86427efbb4f1473edb47609b"
  integrity sha512-xWGDIW6x921xtzPkhiULtthJHoJvBbF3q26fzloPCK0hsvxtPVelvftw3zjbHWSkR2km9Z+4uxbDDK/6Zw9B8w==

react-transition-group@^4.4.5:
  version "4.4.5"
  resolved "https://nexus.cca.io/repository/npm-group/react-transition-group/-/react-transition-group-4.4.5.tgz#e53d4e3f3344da8521489fbef8f2581d42becdd1"
  integrity sha512-pZcd1MCJoiKiBR2NRxeCRg13uCXbydPnmB4EOeRrY7480qNWO8IIgQG6zlDkm6uRMsURXPuKq0GWtiM59a5Q6g==
  dependencies:
    "@babel/runtime" "^7.5.5"
    dom-helpers "^5.0.1"
    loose-envify "^1.4.0"
    prop-types "^15.6.2"

react@18.2.0:
  version "18.2.0"
  resolved "https://nexus.cca.io/repository/npm-group/react/-/react-18.2.0.tgz#555bd98592883255fa00de14f1151a917b5d77d5"
  integrity sha512-/3IjMdb2L9QbBdWiW5e3P2/npwMBaU9mHCSCUzNln0ZCYbcfTsGbTJrU/kGemdH2IWmB2ioZ+zkxtmq6g09fGQ==
  dependencies:
    loose-envify "^1.1.0"

regenerator-runtime@^0.13.11:
  version "0.13.11"
  resolved "https://nexus.cca.io/repository/npm-group/regenerator-runtime/-/regenerator-runtime-0.13.11.tgz#f6dca3e7ceec20590d07ada785636a90cdca17f9"
  integrity sha512-kY1AZVr2Ra+t+piVaJ4gxaFaReZVH40AKNo7UCX6W+dEwBo/2oZJzqfuN1qLq1oL45o56cPaTXELwrTh8Fpggg==

rescript@^11.0.0-alpha.5:
  version "11.0.0-alpha.5"
  resolved "https://nexus.cca.io/repository/npm-group/rescript/-/rescript-11.0.0-alpha.5.tgz#b615a0f7b578d23c3440c9d6314a1ba2a995cdde"
  integrity sha512-RNy7HGAMI+3n0Urm3aHGxFNOMNAFg/SY6h1tU1/1ULm5DKgUR9qoh5iniBbEyWu/fve4bVO1E6cZhGQL696k9A==

scheduler@^0.23.0:
  version "0.23.0"
  resolved "https://nexus.cca.io/repository/npm-group/scheduler/-/scheduler-0.23.0.tgz#ba8041afc3d30eb206a487b6b384002e4e61fdfe"
  integrity sha512-CtuThmgHNg7zIZWAXi3AsyIzA3n4xx7aNyjwC2VJldO2LMVDhFK+63xGqq6CsJH4rTAt6/M+N4GhZiDYPx9eUw==
  dependencies:
    loose-envify "^1.1.0"

stylis@4.1.4:
  version "4.1.4"
  resolved "https://nexus.cca.io/repository/npm-group/stylis/-/stylis-4.1.4.tgz#9cb60e7153d8ac6d02d773552bf51c7a0344535b"
  integrity sha512-USf5pszRYwuE6hg9by0OkKChkQYEXfkeTtm0xKw+jqQhwyjCVLdYyMBK7R+n7dhzsblAWJnGxju4vxq5eH20GQ==
